
Microsoft Visual Studio Solution File, Format Version 12.00
# Visual Studio Version 16
VisualStudioVersion = 16.0.29215.179
MinimumVisualStudioVersion = 10.0.40219.1
Project("{FAE04EC0-301F-11D3-BF4B-00C04F79EFBC}") = "TCPClient", "TCPClient\TCPClient.csproj", "{7605A4B7-0A36-4743-9592-A62E6926B6A0}"
EndProject
Project("{9A19103F-16F7-4668-BE54-9A1E7A4F7556}") = "MessageChannel", "MessageChannel\MessageChannel.csproj", "{602152D5-B6E1-4E7B-B17C-2DDB965A13BD}"
EndProject
Project("{FAE04EC0-301F-11D3-BF4B-00C04F79EFBC}") = "MergedServer", "MergedServer\MergedServer.csproj", "{0EAEE28E-2378-4F55-9E3B-2B5FF838BB1A}"
EndProject
Global
	GlobalSection(SolutionConfigurationPlatforms) = preSolution
		Debug|Any CPU = Debug|Any CPU
		Release|Any CPU = Release|Any CPU
	EndGlobalSection
	GlobalSection(ProjectConfigurationPlatforms) = postSolution
		{7605A4B7-0A36-4743-9592-A62E6926B6A0}.Debug|Any CPU.ActiveCfg = Debug|Any CPU
		{7605A4B7-0A36-4743-9592-A62E6926B6A0}.Debug|Any CPU.Build.0 = Debug|Any CPU
		{7605A4B7-0A36-4743-9592-A62E6926B6A0}.Release|Any CPU.ActiveCfg = Release|Any CPU
		{7605A4B7-0A36-4743-9592-A62E6926B6A0}.Release|Any CPU.Build.0 = Release|Any CPU
		{602152D5-B6E1-4E7B-B17C-2DDB965A13BD}.Debug|Any CPU.ActiveCfg = Debug|Any CPU
		{602152D5-B6E1-4E7B-B17C-2DDB965A13BD}.Debug|Any CPU.Build.0 = Debug|Any CPU
		{602152D5-B6E1-4E7B-B17C-2DDB965A13BD}.Release|Any CPU.ActiveCfg = Release|Any CPU
		{602152D5-B6E1-4E7B-B17C-2DDB965A13BD}.Release|Any CPU.Build.0 = Release|Any CPU
		{0EAEE28E-2378-4F55-9E3B-2B5FF838BB1A}.Debug|Any CPU.ActiveCfg = Debug|Any CPU
		{0EAEE28E-2378-4F55-9E3B-2B5FF838BB1A}.Debug|Any CPU.Build.0 = Debug|Any CPU
		{0EAEE28E-2378-4F55-9E3B-2B5FF838BB1A}.Release|Any CPU.ActiveCfg = Release|Any CPU
		{0EAEE28E-2378-4F55-9E3B-2B5FF838BB1A}.Release|Any CPU.Build.0 = Release|Any CPU
	EndGlobalSection
	GlobalSection(SolutionProperties) = preSolution
		HideSolutionNode = FALSE
	EndGlobalSection
	GlobalSection(ExtensibilityGlobals) = postSolution
		SolutionGuid = {57BD716C-C0AE-4F9F-882A-AFC6979BFBEE}
	EndGlobalSection
EndGlobal
